// !$*UTF8*$!
{
	archiveVersion = 1;
	classes = {
	};
	objectVersion = 50;
	objects = {

/* Begin PBXBuildFile section */
		0C6747782702EADD00DCA126 /* AppDelegate.swift in Sources */ = {isa = PBXBuildFile; fileRef = 0C6747772702EADD00DCA126 /* AppDelegate.swift */; };
		0C67477A2702EADD00DCA126 /* SceneDelegate.swift in Sources */ = {isa = PBXBuildFile; fileRef = 0C6747792702EADD00DCA126 /* SceneDelegate.swift */; };
		0C67477C2702EADD00DCA126 /* ViewController.swift in Sources */ = {isa = PBXBuildFile; fileRef = 0C67477B2702EADD00DCA126 /* ViewController.swift */; };
		0C67477F2702EADD00DCA126 /* Main.storyboard in Resources */ = {isa = PBXBuildFile; fileRef = 0C67477D2702EADD00DCA126 /* Main.storyboard */; };
		0C6747822702EADD00DCA126 /* SlideshowApp.xcdatamodeld in Sources */ = {isa = PBXBuildFile; fileRef = 0C6747802702EADD00DCA126 /* SlideshowApp.xcdatamodeld */; };
		0C6747842702EAE500DCA126 /* Assets.xcassets in Resources */ = {isa = PBXBuildFile; fileRef = 0C6747832702EAE500DCA126 /* Assets.xcassets */; };
		0C6747872702EAE500DCA126 /* LaunchScreen.storyboard in Resources */ = {isa = PBXBuildFile; fileRef = 0C6747852702EAE500DCA126 /* LaunchScreen.storyboard */; };
		0C6747922702EAE600DCA126 /* SlideshowAppTests.swift in Sources */ = {isa = PBXBuildFile; fileRef = 0C6747912702EAE600DCA126 /* SlideshowAppTests.swift */; };
		0C67479D2702EAE700DCA126 /* SlideshowAppUITests.swift in Sources */ = {isa = PBXBuildFile; fileRef = 0C67479C2702EAE700DCA126 /* SlideshowAppUITests.swift */; };
		0C67486C27041C2200DCA126 /* ResultController.swift in Sources */ = {isa = PBXBuildFile; fileRef = 0C67486B27041C2200DCA126 /* ResultController.swift */; };
/* End PBXBuildFile section */

/* Begin PBXContainerItemProxy section */
		0C67478E2702EAE600DCA126 /* PBXContainerItemProxy */ = {
			isa = PBXContainerItemProxy;
			containerPortal = 0C67476C2702EADC00DCA126 /* Project object */;
			proxyType = 1;
			remoteGlobalIDString = 0C6747732702EADC00DCA126;
			remoteInfo = SlideshowApp;
		};
		0C6747992702EAE700DCA126 /* PBXContainerItemProxy */ = {
			isa = PBXContainerItemProxy;
			containerPortal = 0C67476C2702EADC00DCA126 /* Project object */;
			proxyType = 1;
			remoteGlobalIDString = 0C6747732702EADC00DCA126;
			remoteInfo = SlideshowApp;
		};
/* End PBXContainerItemProxy section */

/* Begin PBXFileReference section */
		0C6747742702EADC00DCA126 /* SlideshowApp.app */ = {isa = PBXFileReference; explicitFileType = wrapper.application; includeInIndex = 0; path = SlideshowApp.app; sourceTree = BUILT_PRODUCTS_DIR; };
		0C6747772702EADD00DCA126 /* AppDelegate.swift */ = {isa = PBXFileReference; lastKnownFileType = sourcecode.swift; path = AppDelegate.swift; sourceTree = "<group>"; };
		0C6747792702EADD00DCA126 /* SceneDelegate.swift */ = {isa = PBXFileReference; lastKnownFileType = sourcecode.swift; path = SceneDelegate.swift; sourceTree = "<group>"; };
		0C67477B2702EADD00DCA126 /* ViewController.swift */ = {isa = PBXFileReference; lastKnownFileType = sourcecode.swift; path = ViewController.swift; sourceTree = "<group>"; };
		0C67477E2702EADD00DCA126 /* Base */ = {isa = PBXFileReference; lastKnownFileType = file.storyboard; name = Base; path = Base.lproj/Main.storyboard; sourceTree = "<group>"; };
		0C6747812702EADD00DCA126 /* SlideshowApp.xcdatamodel */ = {isa = PBXFileReference; lastKnownFileType = wrapper.xcdatamodel; path = SlideshowApp.xcdatamodel; sourceTree = "<group>"; };
		0C6747832702EAE500DCA126 /* Assets.xcassets */ = {isa = PBXFileReference; lastKnownFileType = folder.assetcatalog; path = Assets.xcassets; sourceTree = "<group>"; };
		0C6747862702EAE500DCA126 /* Base */ = {isa = PBXFileReference; lastKnownFileType = file.storyboard; name = Base; path = Base.lproj/LaunchScreen.storyboard; sourceTree = "<group>"; };
		0C6747882702EAE500DCA126 /* Info.plist */ = {isa = PBXFileReference; lastKnownFileType = text.plist.xml; path = Info.plist; sourceTree = "<group>"; };
		0C67478D2702EAE600DCA126 /* SlideshowAppTests.xctest */ = {isa = PBXFileReference; explicitFileType = wrapper.cfbundle; includeInIndex = 0; path = SlideshowAppTests.xctest; sourceTree = BUILT_PRODUCTS_DIR; };
		0C6747912702EAE600DCA126 /* SlideshowAppTests.swift */ = {isa = PBXFileReference; lastKnownFileType = sourcecode.swift; path = SlideshowAppTests.swift; sourceTree = "<group>"; };
		0C6747932702EAE600DCA126 /* Info.plist */ = {isa = PBXFileReference; lastKnownFileType = text.plist.xml; path = Info.plist; sourceTree = "<group>"; };
		0C6747982702EAE700DCA126 /* SlideshowAppUITests.xctest */ = {isa = PBXFileReference; explicitFileType = wrapper.cfbundle; includeInIndex = 0; path = SlideshowAppUITests.xctest; sourceTree = BUILT_PRODUCTS_DIR; };
		0C67479C2702EAE700DCA126 /* SlideshowAppUITests.swift */ = {isa = PBXFileReference; lastKnownFileType = sourcecode.swift; path = SlideshowAppUITests.swift; sourceTree = "<group>"; };
		0C67479E2702EAE700DCA126 /* Info.plist */ = {isa = PBXFileReference; lastKnownFileType = text.plist.xml; path = Info.plist; sourceTree = "<group>"; };
		0C67486B27041C2200DCA126 /* ResultController.swift */ = {isa = PBXFileReference; lastKnownFileType = sourcecode.swift; path = ResultController.swift; sourceTree = "<group>"; };
/* End PBXFileReference section */

/* Begin PBXFrameworksBuildPhase section */
		0C6747712702EADC00DCA126 /* Frameworks */ = {
			isa = PBXFrameworksBuildPhase;
			buildActionMask = 2147483647;
			files = (
			);
			runOnlyForDeploymentPostprocessing = 0;
		};
		0C67478A2702EAE600DCA126 /* Frameworks */ = {
			isa = PBXFrameworksBuildPhase;
			buildActionMask = 2147483647;
			files = (
			);
			runOnlyForDeploymentPostprocessing = 0;
		};
		0C6747952702EAE700DCA126 /* Frameworks */ = {
			isa = PBXFrameworksBuildPhase;
			buildActionMask = 2147483647;
			files = (
			);
			runOnlyForDeploymentPostprocessing = 0;
		};
/* End PBXFrameworksBuildPhase section */

/* Begin PBXGroup section */
		0C67476B2702EADC00DCA126 = {
			isa = PBXGroup;
			children = (
				0C6747762702EADC00DCA126 /* SlideshowApp */,
				0C6747902702EAE600DCA126 /* SlideshowAppTests */,
				0C67479B2702EAE700DCA126 /* SlideshowAppUITests */,
				0C6747752702EADC00DCA126 /* Products */,
			);
			sourceTree = "<group>";
		};
		0C6747752702EADC00DCA126 /* Products */ = {
			isa = PBXGroup;
			children = (
				0C6747742702EADC00DCA126 /* SlideshowApp.app */,
				0C67478D2702EAE600DCA126 /* SlideshowAppTests.xctest */,
				0C6747982702EAE700DCA126 /* SlideshowAppUITests.xctest */,
			);
			name = Products;
			sourceTree = "<group>";
		};
		0C6747762702EADC00DCA126 /* SlideshowApp */ = {
			isa = PBXGroup;
			children = (
				0C6747772702EADD00DCA126 /* AppDelegate.swift */,
				0C6747792702EADD00DCA126 /* SceneDelegate.swift */,
				0C67477B2702EADD00DCA126 /* ViewController.swift */,
				0C67486B27041C2200DCA126 /* ResultController.swift */,
				0C67477D2702EADD00DCA126 /* Main.storyboard */,
				0C6747832702EAE500DCA126 /* Assets.xcassets */,
				0C6747852702EAE500DCA126 /* LaunchScreen.storyboard */,
				0C6747882702EAE500DCA126 /* Info.plist */,
				0C6747802702EADD00DCA126 /* SlideshowApp.xcdatamodeld */,
			);
			path = SlideshowApp;
			sourceTree = "<group>";
		};
		0C6747902702EAE600DCA126 /* SlideshowAppTests */ = {
			isa = PBXGroup;
			children = (
				0C6747912702EAE600DCA126 /* SlideshowAppTests.swift */,
				0C6747932702EAE600DCA126 /* Info.plist */,
			);
			path = SlideshowAppTests;
			sourceTree = "<group>";
		};
		0C67479B2702EAE700DCA126 /* SlideshowAppUITests */ = {
			isa = PBXGroup;
			children = (
				0C67479C2702EAE700DCA126 /* SlideshowAppUITests.swift */,
				0C67479E2702EAE700DCA126 /* Info.plist */,
			);
			path = SlideshowAppUITests;
			sourceTree = "<group>";
		};
/* End PBXGroup section */

/* Begin PBXNativeTarget section */
		0C6747732702EADC00DCA126 /* SlideshowApp */ = {
			isa = PBXNativeTarget;
			buildConfigurationList = 0C6747A12702EAE700DCA126 /* Build configuration list for PBXNativeTarget "SlideshowApp" */;
			buildPhases = (
				0C6747702702EADC00DCA126 /* Sources */,
				0C6747712702EADC00DCA126 /* Frameworks */,
				0C6747722702EADC00DCA126 /* Resources */,
			);
			buildRules = (
			);
			dependencies = (
			);
			name = SlideshowApp;
			productName = SlideshowApp;
			productReference = 0C6747742702EADC00DCA126 /* SlideshowApp.app */;
			productType = "com.apple.product-type.application";
		};
		0C67478C2702EAE600DCA126 /* SlideshowAppTests */ = {
			isa = PBXNativeTarget;
			buildConfigurationList = 0C6747A42702EAE700DCA126 /* Build configuration list for PBXNativeTarget "SlideshowAppTests" */;
			buildPhases = (
				0C6747892702EAE600DCA126 /* Sources */,
				0C67478A2702EAE600DCA126 /* Frameworks */,
				0C67478B2702EAE600DCA126 /* Resources */,
			);
			buildRules = (
			);
			dependencies = (
				0C67478F2702EAE600DCA126 /* PBXTargetDependency */,
			);
			name = SlideshowAppTests;
			productName = SlideshowAppTests;
			productReference = 0C67478D2702EAE600DCA126 /* SlideshowAppTests.xctest */;
			productType = "com.apple.product-type.bundle.unit-test";
		};
		0C6747972702EAE700DCA126 /* SlideshowAppUITests */ = {
			isa = PBXNativeTarget;
			buildConfigurationList = 0C6747A72702EAE700DCA126 /* Build configuration list for PBXNativeTarget "SlideshowAppUITests" */;
			buildPhases = (
				0C6747942702EAE700DCA126 /* Sources */,
				0C6747952702EAE700DCA126 /* Frameworks */,
				0C6747962702EAE700DCA126 /* Resources */,
			);
			buildRules = (
			);
			dependencies = (
				0C67479A2702EAE700DCA126 /* PBXTargetDependency */,
			);
			name = SlideshowAppUITests;
			productName = SlideshowAppUITests;
			productReference = 0C6747982702EAE700DCA126 /* SlideshowAppUITests.xctest */;
			productType = "com.apple.product-type.bundle.ui-testing";
		};
/* End PBXNativeTarget section */

/* Begin PBXProject section */
		0C67476C2702EADC00DCA126 /* Project object */ = {
			isa = PBXProject;
			attributes = {
				LastSwiftUpdateCheck = 1250;
				LastUpgradeCheck = 1250;
				TargetAttributes = {
					0C6747732702EADC00DCA126 = {
						CreatedOnToolsVersion = 12.5.1;
					};
					0C67478C2702EAE600DCA126 = {
						CreatedOnToolsVersion = 12.5.1;
						TestTargetID = 0C6747732702EADC00DCA126;
					};
					0C6747972702EAE700DCA126 = {
						CreatedOnToolsVersion = 12.5.1;
						TestTargetID = 0C6747732702EADC00DCA126;
					};
				};
			};
			buildConfigurationList = 0C67476F2702EADC00DCA126 /* Build configuration list for PBXProject "SlideshowApp" */;
			compatibilityVersion = "Xcode 9.3";
			developmentRegion = en;
			hasScannedForEncodings = 0;
			knownRegions = (
				en,
				Base,
			);
			mainGroup = 0C67476B2702EADC00DCA126;
			productRefGroup = 0C6747752702EADC00DCA126 /* Products */;
			projectDirPath = "";
			projectRoot = "";
			targets = (
				0C6747732702EADC00DCA126 /* SlideshowApp */,
				0C67478C2702EAE600DCA126 /* SlideshowAppTests */,
				0C6747972702EAE700DCA126 /* SlideshowAppUITests */,
			);
		};
/* End PBXProject section */

/* Begin PBXResourcesBuildPhase section */
		0C6747722702EADC00DCA126 /* Resources */ = {
			isa = PBXResourcesBuildPhase;
			buildActionMask = 2147483647;
			files = (
				0C6747872702EAE500DCA126 /* LaunchScreen.storyboard in Resources */,
				0C6747842702EAE500DCA126 /* Assets.xcassets in Resources */,
				0C67477F2702EADD00DCA126 /* Main.storyboard in Resources */,
			);
			runOnlyForDeploymentPostprocessing = 0;
		};
		0C67478B2702EAE600DCA126 /* Resources */ = {
			isa = PBXResourcesBuildPhase;
			buildActionMask = 2147483647;
			files = (
			);
			runOnlyForDeploymentPostprocessing = 0;
		};
		0C6747962702EAE700DCA126 /* Resources */ = {
			isa = PBXResourcesBuildPhase;
			buildActionMask = 2147483647;
			files = (
			);
			runOnlyForDeploymentPostprocessing = 0;
		};
/* End PBXResourcesBuildPhase section */

/* Begin PBXSourcesBuildPhase section */
		0C6747702702EADC00DCA126 /* Sources */ = {
			isa = PBXSourcesBuildPhase;
			buildActionMask = 2147483647;
			files = (
				0C6747822702EADD00DCA126 /* SlideshowApp.xcdatamodeld in Sources */,
				0C67477C2702EADD00DCA126 /* ViewController.swift in Sources */,
				0C67486C27041C2200DCA126 /* ResultController.swift in Sources */,
				0C6747782702EADD00DCA126 /* AppDelegate.swift in Sources */,
				0C67477A2702EADD00DCA126 /* SceneDelegate.swift in Sources */,
			);
			runOnlyForDeploymentPostprocessing = 0;
		};
		0C6747892702EAE600DCA126 /* Sources */ = {
			isa = PBXSourcesBuildPhase;
			buildActionMask = 2147483647;
			files = (
				0C6747922702EAE600DCA126 /* SlideshowAppTests.swift in Sources */,
			);
			runOnlyForDeploymentPostprocessing = 0;
		};
		0C6747942702EAE700DCA126 /* Sources */ = {
			isa = PBXSourcesBuildPhase;
			buildActionMask = 2147483647;
			files = (
				0C67479D2702EAE700DCA126 /* SlideshowAppUITests.swift in Sources */,
			);
			runOnlyForDeploymentPostprocessing = 0;
		};
/* End PBXSourcesBuildPhase section */

/* Begin PBXTargetDependency section */
		0C67478F2702EAE600DCA126 /* PBXTargetDependency */ = {
			isa = PBXTargetDependency;
			target = 0C6747732702EADC00DCA126 /* SlideshowApp */;
			targetProxy = 0C67478E2702EAE600DCA126 /* PBXContainerItemProxy */;
		};
		0C67479A2702EAE700DCA126 /* PBXTargetDependency */ = {
			isa = PBXTargetDependency;
			target = 0C6747732702EADC00DCA126 /* SlideshowApp */;
			targetProxy = 0C6747992702EAE700DCA126 /* PBXContainerItemProxy */;
		};
/* End PBXTargetDependency section */

/* Begin PBXVariantGroup section */
		0C67477D2702EADD00DCA126 /* Main.storyboard */ = {
			isa = PBXVariantGroup;
			children = (
				0C67477E2702EADD00DCA126 /* Base */,
			);
			name = Main.storyboard;
			sourceTree = "<group>";
		};
		0C6747852702EAE500DCA126 /* LaunchScreen.storyboard */ = {
			isa = PBXVariantGroup;
			children = (
				0C6747862702EAE500DCA126 /* Base */,
			);
			name = LaunchScreen.storyboard;
			sourceTree = "<group>";
		};
/* End PBXVariantGroup section */

/* Begin XCBuildConfiguration section */
		0C67479F2702EAE700DCA126 /* Debug */ = {
			isa = XCBuildConfiguration;
			buildSettings = {
				ALWAYS_SEARCH_USER_PATHS = NO;
				CLANG_ANALYZER_NONNULL = YES;
				CLANG_ANALYZER_NUMBER_OBJECT_CONVERSION = YES_AGGRESSIVE;
				CLANG_CXX_LANGUAGE_STANDARD = "gnu++14";
				CLANG_CXX_LIBRARY = "libc++";
				CLANG_ENABLE_MODULES = YES;
				CLANG_ENABLE_OBJC_ARC = YES;
				CLANG_ENABLE_OBJC_WEAK = YES;
				CLANG_WARN_BLOCK_CAPTURE_AUTORELEASING = YES;
				CLANG_WARN_BOOL_CONVERSION = YES;
				CLANG_WARN_COMMA = YES;
				CLANG_WARN_CONSTANT_CONVERSION = YES;
				CLANG_WARN_DEPRECATED_OBJC_IMPLEMENTATIONS = YES;
				CLANG_WARN_DIRECT_OBJC_ISA_USAGE = YES_ERROR;
				CLANG_WARN_DOCUMENTATION_COMMENTS = YES;
				CLANG_WARN_EMPTY_BODY = YES;
				CLANG_WARN_ENUM_CONVERSION = YES;
				CLANG_WARN_INFINITE_RECURSION = YES;
				CLANG_WARN_INT_CONVERSION = YES;
				CLANG_WARN_NON_LITERAL_NULL_CONVERSION = YES;
				CLANG_WARN_OBJC_IMPLICIT_RETAIN_SELF = YES;
				CLANG_WARN_OBJC_LITERAL_CONVERSION = YES;
				CLANG_WARN_OBJC_ROOT_CLASS = YES_ERROR;
				CLANG_WARN_QUOTED_INCLUDE_IN_FRAMEWORK_HEADER = YES;
				CLANG_WARN_RANGE_LOOP_ANALYSIS = YES;
				CLANG_WARN_STRICT_PROTOTYPES = YES;
				CLANG_WARN_SUSPICIOUS_MOVE = YES;
				CLANG_WARN_UNGUARDED_AVAILABILITY = YES_AGGRESSIVE;
				CLANG_WARN_UNREACHABLE_CODE = YES;
				CLANG_WARN__DUPLICATE_METHOD_MATCH = YES;
				COPY_PHASE_STRIP = NO;
				DEBUG_INFORMATION_FORMAT = dwarf;
				ENABLE_STRICT_OBJC_MSGSEND = YES;
				ENABLE_TESTABILITY = YES;
				GCC_C_LANGUAGE_STANDARD = gnu11;
				GCC_DYNAMIC_NO_PIC = NO;
				GCC_NO_COMMON_BLOCKS = YES;
				GCC_OPTIMIZATION_LEVEL = 0;
				GCC_PREPROCESSOR_DEFINITIONS = (
					"DEBUG=1",
					"$(inherited)",
				);
				GCC_WARN_64_TO_32_BIT_CONVERSION = YES;
				GCC_WARN_ABOUT_RETURN_TYPE = YES_ERROR;
				GCC_WARN_UNDECLARED_SELECTOR = YES;
				GCC_WARN_UNINITIALIZED_AUTOS = YES_AGGRESSIVE;
				GCC_WARN_UNUSED_FUNCTION = YES;
				GCC_WARN_UNUSED_VARIABLE = YES;
				IPHONEOS_DEPLOYMENT_TARGET = 14.5;
				MTL_ENABLE_DEBUG_INFO = INCLUDE_SOURCE;
				MTL_FAST_MATH = YES;
				ONLY_ACTIVE_ARCH = YES;
				SDKROOT = iphoneos;
				SWIFT_ACTIVE_COMPILATION_CONDITIONS = DEBUG;
				SWIFT_OPTIMIZATION_LEVEL = "-Onone";
			};
			name = Debug;
		};
		0C6747A02702EAE700DCA126 /* Release */ = {
			isa = XCBuildConfiguration;
			buildSettings = {
				ALWAYS_SEARCH_USER_PATHS = NO;
				CLANG_ANALYZER_NONNULL = YES;
				CLANG_ANALYZER_NUMBER_OBJECT_CONVERSION = YES_AGGRESSIVE;
				CLANG_CXX_LANGUAGE_STANDARD = "gnu++14";
				CLANG_CXX_LIBRARY = "libc++";
				CLANG_ENABLE_MODULES = YES;
				CLANG_ENABLE_OBJC_ARC = YES;
				CLANG_ENABLE_OBJC_WEAK = YES;
				CLANG_WARN_BLOCK_CAPTURE_AUTORELEASING = YES;
				CLANG_WARN_BOOL_CONVERSION = YES;
				CLANG_WARN_COMMA = YES;
				CLANG_WARN_CONSTANT_CONVERSION = YES;
				CLANG_WARN_DEPRECATED_OBJC_IMPLEMENTATIONS = YES;
				CLANG_WARN_DIRECT_OBJC_ISA_USAGE = YES_ERROR;
				CLANG_WARN_DOCUMENTATION_COMMENTS = YES;
				CLANG_WARN_EMPTY_BODY = YES;
				CLANG_WARN_ENUM_CONVERSION = YES;
				CLANG_WARN_INFINITE_RECURSION = YES;
				CLANG_WARN_INT_CONVERSION = YES;
				CLANG_WARN_NON_LITERAL_NULL_CONVERSION = YES;
				CLANG_WARN_OBJC_IMPLICIT_RETAIN_SELF = YES;
				CLANG_WARN_OBJC_LITERAL_CONVERSION = YES;
				CLANG_WARN_OBJC_ROOT_CLASS = YES_ERROR;
				CLANG_WARN_QUOTED_INCLUDE_IN_FRAMEWORK_HEADER = YES;
				CLANG_WARN_RANGE_LOOP_ANALYSIS = YES;
				CLANG_WARN_STRICT_PROTOTYPES = YES;
				CLANG_WARN_SUSPICIOUS_MOVE = YES;
				CLANG_WARN_UNGUARDED_AVAILABILITY = YES_AGGRESSIVE;
				CLANG_WARN_UNREACHABLE_CODE = YES;
				CLANG_WARN__DUPLICATE_METHOD_MATCH = YES;
				COPY_PHASE_STRIP = NO;
				DEBUG_INFORMATION_FORMAT = "dwarf-with-dsym";
				ENABLE_NS_ASSERTIONS = NO;
				ENABLE_STRICT_OBJC_MSGSEND = YES;
				GCC_C_LANGUAGE_STANDARD = gnu11;
				GCC_NO_COMMON_BLOCKS = YES;
				GCC_WARN_64_TO_32_BIT_CONVERSION = YES;
				GCC_WARN_ABOUT_RETURN_TYPE = YES_ERROR;
				GCC_WARN_UNDECLARED_SELECTOR = YES;
				GCC_WARN_UNINITIALIZED_AUTOS = YES_AGGRESSIVE;
				GCC_WARN_UNUSED_FUNCTION = YES;
				GCC_WARN_UNUSED_VARIABLE = YES;
				IPHONEOS_DEPLOYMENT_TARGET = 14.5;
				MTL_ENABLE_DEBUG_INFO = NO;
				MTL_FAST_MATH = YES;
				SDKROOT = iphoneos;
				SWIFT_COMPILATION_MODE = wholemodule;
				SWIFT_OPTIMIZATION_LEVEL = "-O";
				VALIDATE_PRODUCT = YES;
			};
			name = Release;
		};
		0C6747A22702EAE700DCA126 /* Debug */ = {
			isa = XCBuildConfiguration;
			buildSettings = {
				ASSETCATALOG_COMPILER_APPICON_NAME = AppIcon;
				ASSETCATALOG_COMPILER_GLOBAL_ACCENT_COLOR_NAME = AccentColor;
				CODE_SIGN_STYLE = Automatic;
				DEVELOPMENT_TEAM = DH538GBU74;
				INFOPLIST_FILE = SlideshowApp/Info.plist;
				LD_RUNPATH_SEARCH_PATHS = (
					"$(inherited)",
					"@executable_path/Frameworks",
				);
				PRODUCT_BUNDLE_IDENTIFIER = jp.techacademy.natsumi.shinohara.SlideshowApp;
				PRODUCT_NAME = "$(TARGET_NAME)";
				SWIFT_VERSION = 5.0;
				TARGETED_DEVICE_FAMILY = "1,2";
			};
			name = Debug;
		};
		0C6747A32702EAE700DCA126 /* Release */ = {
			isa = XCBuildConfiguration;
			buildSettings = {
				ASSETCATALOG_COMPILER_APPICON_NAME = AppIcon;
				ASSETCATALOG_COMPILER_GLOBAL_ACCENT_COLOR_NAME = AccentColor;
				CODE_SIGN_STYLE = Automatic;
				DEVELOPMENT_TEAM = DH538GBU74;
				INFOPLIST_FILE = SlideshowApp/Info.plist;
				LD_RUNPATH_SEARCH_PATHS = (
					"$(inherited)",
					"@executable_path/Frameworks",
				);
				PRODUCT_BUNDLE_IDENTIFIER = jp.techacademy.natsumi.shinohara.SlideshowApp;
				PRODUCT_NAME = "$(TARGET_NAME)";
				SWIFT_VERSION = 5.0;
				TARGETED_DEVICE_FAMILY = "1,2";
			};
			name = Release;
		};
		0C6747A52702EAE700DCA126 /* Debug */ = {
			isa = XCBuildConfiguration;
			buildSettings = {
				ALWAYS_EMBED_SWIFT_STANDARD_LIBRARIES = YES;
				BUNDLE_LOADER = "$(TEST_HOST)";
				CODE_SIGN_STYLE = Automatic;
				DEVELOPMENT_TEAM = DH538GBU74;
				INFOPLIST_FILE = SlideshowAppTests/Info.plist;
				IPHONEOS_DEPLOYMENT_TARGET = 14.5;
				LD_RUNPATH_SEARCH_PATHS = (
					"$(inherited)",
					"@executable_path/Frameworks",
					"@loader_path/Frameworks",
				);
				PRODUCT_BUNDLE_IDENTIFIER = jp.techacademy.natsumi.shinohara.SlideshowAppTests;
				PRODUCT_NAME = "$(TARGET_NAME)";
				SWIFT_VERSION = 5.0;
				TARGETED_DEVICE_FAMILY = "1,2";
				TEST_HOST = "$(BUILT_PRODUCTS_DIR)/SlideshowApp.app/SlideshowApp";
			};
			name = Debug;
		};
		0C6747A62702EAE700DCA126 /* Release */ = {
			isa = XCBuildConfiguration;
			buildSettings = {
				ALWAYS_EMBED_SWIFT_STANDARD_LIBRARIES = YES;
				BUNDLE_LOADER = "$(TEST_HOST)";
				CODE_SIGN_STYLE = Automatic;
				DEVELOPMENT_TEAM = DH538GBU74;
				INFOPLIST_FILE = SlideshowAppTests/Info.plist;
				IPHONEOS_DEPLOYMENT_TARGET = 14.5;
				LD_RUNPATH_SEARCH_PATHS = (
					"$(inherited)",
					"@executable_path/Frameworks",
					"@loader_path/Frameworks",
				);
				PRODUCT_BUNDLE_IDENTIFIER = jp.techacademy.natsumi.shinohara.SlideshowAppTests;
				PRODUCT_NAME = "$(TARGET_NAME)";
				SWIFT_VERSION = 5.0;
				TARGETED_DEVICE_FAMILY = "1,2";
				TEST_HOST = "$(BUILT_PRODUCTS_DIR)/SlideshowApp.app/SlideshowApp";
			};
			name = Release;
		};
		0C6747A82702EAE700DCA126 /* Debug */ = {
			isa = XCBuildConfiguration;
			buildSettings = {
				ALWAYS_EMBED_SWIFT_STANDARD_LIBRARIES = YES;
				CODE_SIGN_STYLE = Automatic;
				DEVELOPMENT_TEAM = DH538GBU74;
				INFOPLIST_FILE = SlideshowAppUITests/Info.plist;
				LD_RUNPATH_SEARCH_PATHS = (
					"$(inherited)",
					"@executable_path/Frameworks",
					"@loader_path/Frameworks",
				);
				PRODUCT_BUNDLE_IDENTIFIER = jp.techacademy.natsumi.shinohara.SlideshowAppUITests;
				PRODUCT_NAME = "$(TARGET_NAME)";
				SWIFT_VERSION = 5.0;
				TARGETED_DEVICE_FAMILY = "1,2";
				TEST_TARGET_NAME = SlideshowApp;
			};
			name = Debug;
		};
		0C6747A92702EAE700DCA126 /* Release */ = {
			isa = XCBuildConfiguration;
			buildSettings = {
				ALWAYS_EMBED_SWIFT_STANDARD_LIBRARIES = YES;
				CODE_SIGN_STYLE = Automatic;
				DEVELOPMENT_TEAM = DH538GBU74;
				INFOPLIST_FILE = SlideshowAppUITests/Info.plist;
				LD_RUNPATH_SEARCH_PATHS = (
					"$(inherited)",
					"@executable_path/Frameworks",
					"@loader_path/Frameworks",
				);
				PRODUCT_BUNDLE_IDENTIFIER = jp.techacademy.natsumi.shinohara.SlideshowAppUITests;
				PRODUCT_NAME = "$(TARGET_NAME)";
				SWIFT_VERSION = 5.0;
				TARGETED_DEVICE_FAMILY = "1,2";
				TEST_TARGET_NAME = SlideshowApp;
			};
			name = Release;
		};
/* End XCBuildConfiguration section */

/* Begin XCConfigurationList section */
		0C67476F2702EADC00DCA126 /* Build configuration list for PBXProject "SlideshowApp" */ = {
			isa = XCConfigurationList;
			buildConfigurations = (
				0C67479F2702EAE700DCA126 /* Debug */,
				0C6747A02702EAE700DCA126 /* Release */,
			);
			defaultConfigurationIsVisible = 0;
			defaultConfigurationName = Release;
		};
		0C6747A12702EAE700DCA126 /* Build configuration list for PBXNativeTarget "SlideshowApp" */ = {
			isa = XCConfigurationList;
			buildConfigurations = (
				0C6747A22702EAE700DCA126 /* Debug */,
				0C6747A32702EAE700DCA126 /* Release */,
			);
			defaultConfigurationIsVisible = 0;
			defaultConfigurationName = Release;
		};
		0C6747A42702EAE700DCA126 /* Build configuration list for PBXNativeTarget "SlideshowAppTests" */ = {
			isa = XCConfigurationList;
			buildConfigurations = (
				0C6747A52702EAE700DCA126 /* Debug */,
				0C6747A62702EAE700DCA126 /* Release */,
			);
			defaultConfigurationIsVisible = 0;
			defaultConfigurationName = Release;
		};
		0C6747A72702EAE700DCA126 /* Build configuration list for PBXNativeTarget "SlideshowAppUITests" */ = {
			isa = XCConfigurationList;
			buildConfigurations = (
				0C6747A82702EAE700DCA126 /* Debug */,
				0C6747A92702EAE700DCA126 /* Release */,
			);
			defaultConfigurationIsVisible = 0;
			defaultConfigurationName = Release;
		};
/* End XCConfigurationList section */

/* Begin XCVersionGroup section */
		0C6747802702EADD00DCA126 /* SlideshowApp.xcdatamodeld */ = {
			isa = XCVersionGroup;
			children = (
				0C6747812702EADD00DCA126 /* SlideshowApp.xcdatamodel */,
			);
			currentVersion = 0C6747812702EADD00DCA126 /* SlideshowApp.xcdatamodel */;
			path = SlideshowApp.xcdatamodeld;
			sourceTree = "<group>";
			versionGroupType = wrapper.xcdatamodel;
		};
/* End XCVersionGroup section */
	};
	rootObject = 0C67476C2702EADC00DCA126 /* Project object */;
}
